// !$*UTF8*$!
{
	archiveVersion = 1;
	classes = {
	};
	objectVersion = 46;
	objects = {

/* Begin PBXBuildFile section */
		032C8F4F2758D401004B5B34 /* Observable.swift in Sources */ = {isa = PBXBuildFile; fileRef = 032C8F4E2758D401004B5B34 /* Observable.swift */; };
		032C8F51275973FD004B5B34 /* PlayerDAO.swift in Sources */ = {isa = PBXBuildFile; fileRef = 032C8F50275973FD004B5B34 /* PlayerDAO.swift */; };
		032C8F55275C2821004B5B34 /* HomeMockInteractor.swift in Sources */ = {isa = PBXBuildFile; fileRef = 032C8F54275C2821004B5B34 /* HomeMockInteractor.swift */; };
		032C8F65275C3467004B5B34 /* BoardTests.swift in Sources */ = {isa = PBXBuildFile; fileRef = 607FACEB1AFB9204008FA782 /* BoardTests.swift */; };
		03D9315C275C387D004E4FBE /* HomeInteractorTests.swift in Sources */ = {isa = PBXBuildFile; fileRef = 03D9315B275C387D004E4FBE /* HomeInteractorTests.swift */; };
		03D9315F275D29F1004E4FBE /* HomePresenterTests.swift in Sources */ = {isa = PBXBuildFile; fileRef = 03D9315E275D29F1004E4FBE /* HomePresenterTests.swift */; };
		03D93162275D2F2F004E4FBE /* DefaultInfoOK.json in Resources */ = {isa = PBXBuildFile; fileRef = 03D93161275D2F2F004E4FBE /* DefaultInfoOK.json */; };
		03D93165275D2FC6004E4FBE /* XCTestCase.swift in Sources */ = {isa = PBXBuildFile; fileRef = 03D93164275D2FC6004E4FBE /* XCTestCase.swift */; };
		03D93169275D41B5004E4FBE /* DashboardInteractorTests.swift in Sources */ = {isa = PBXBuildFile; fileRef = 03D93168275D41B5004E4FBE /* DashboardInteractorTests.swift */; };
		03D9316B275D41C7004E4FBE /* DashboardPresenterTests.swift in Sources */ = {isa = PBXBuildFile; fileRef = 03D9316A275D41C7004E4FBE /* DashboardPresenterTests.swift */; };
		03D9316D275D523B004E4FBE /* DashboardMockInteractor.swift in Sources */ = {isa = PBXBuildFile; fileRef = 03D9316C275D523B004E4FBE /* DashboardMockInteractor.swift */; };
		03DBFC8C275560AD00B66815 /* HomeView.swift in Sources */ = {isa = PBXBuildFile; fileRef = 03DBFC8B275560AD00B66815 /* HomeView.swift */; };
		03DBFC8E275560C200B66815 /* HomeRouter.swift in Sources */ = {isa = PBXBuildFile; fileRef = 03DBFC8D275560C200B66815 /* HomeRouter.swift */; };
		03DBFC90275560D100B66815 /* HomePresenter.swift in Sources */ = {isa = PBXBuildFile; fileRef = 03DBFC8F275560D100B66815 /* HomePresenter.swift */; };
		03DBFC92275560DD00B66815 /* HomeInteractor.swift in Sources */ = {isa = PBXBuildFile; fileRef = 03DBFC91275560DD00B66815 /* HomeInteractor.swift */; };
		03DBFC942755622500B66815 /* HomeModule.swift in Sources */ = {isa = PBXBuildFile; fileRef = 03DBFC932755622500B66815 /* HomeModule.swift */; };
		03DBFC9727556A8E00B66815 /* UIView+extension.swift in Sources */ = {isa = PBXBuildFile; fileRef = 03DBFC9627556A8E00B66815 /* UIView+extension.swift */; };
		03DBFC9E27558B6A00B66815 /* DashboardView.swift in Sources */ = {isa = PBXBuildFile; fileRef = 03DBFC9D27558B6A00B66815 /* DashboardView.swift */; };
		03DBFCA027558B7500B66815 /* DashboardInteractor.swift in Sources */ = {isa = PBXBuildFile; fileRef = 03DBFC9F27558B7500B66815 /* DashboardInteractor.swift */; };
		03DBFCA227558B8100B66815 /* DashboardPresenter.swift in Sources */ = {isa = PBXBuildFile; fileRef = 03DBFCA127558B8100B66815 /* DashboardPresenter.swift */; };
		03DBFCA427558B8C00B66815 /* DashboardRouter.swift in Sources */ = {isa = PBXBuildFile; fileRef = 03DBFCA327558B8C00B66815 /* DashboardRouter.swift */; };
		03DBFCA627558BF700B66815 /* DashboardModule.swift in Sources */ = {isa = PBXBuildFile; fileRef = 03DBFCA527558BF700B66815 /* DashboardModule.swift */; };
		03DBFCAA2756D1BD00B66815 /* ChipView.swift in Sources */ = {isa = PBXBuildFile; fileRef = 03DBFCA92756D1BD00B66815 /* ChipView.swift */; };
		03DBFCAC2756D1DA00B66815 /* ChipButton.swift in Sources */ = {isa = PBXBuildFile; fileRef = 03DBFCAB2756D1DA00B66815 /* ChipButton.swift */; };
		03DBFCAF2756D3C300B66815 /* NetworkManager.swift in Sources */ = {isa = PBXBuildFile; fileRef = 03DBFCAE2756D3C300B66815 /* NetworkManager.swift */; };
		03DBFCB12756DDED00B66815 /* DefaultInfo.swift in Sources */ = {isa = PBXBuildFile; fileRef = 03DBFCB02756DDED00B66815 /* DefaultInfo.swift */; };
		4A042F39115FE821E771F2BD /* Pods_ConnectFourApp_Example.framework in Frameworks */ = {isa = PBXBuildFile; fileRef = D5751A9FD6B7BA5661F3CA88 /* Pods_ConnectFourApp_Example.framework */; };
		607FACD61AFB9204008FA782 /* AppDelegate.swift in Sources */ = {isa = PBXBuildFile; fileRef = 607FACD51AFB9204008FA782 /* AppDelegate.swift */; };
		607FACDD1AFB9204008FA782 /* Images.xcassets in Resources */ = {isa = PBXBuildFile; fileRef = 607FACDC1AFB9204008FA782 /* Images.xcassets */; };
		607FACE01AFB9204008FA782 /* LaunchScreen.xib in Resources */ = {isa = PBXBuildFile; fileRef = 607FACDE1AFB9204008FA782 /* LaunchScreen.xib */; };
		C27BD5E5B052DB5D20340E68 /* Pods_ConnectFourApp_Tests.framework in Frameworks */ = {isa = PBXBuildFile; fileRef = AC5CDBEED4A92ACAEE1618AA /* Pods_ConnectFourApp_Tests.framework */; };
/* End PBXBuildFile section */

/* Begin PBXContainerItemProxy section */
		03D93156275C386A004E4FBE /* PBXContainerItemProxy */ = {
			isa = PBXContainerItemProxy;
			containerPortal = 607FACC81AFB9204008FA782 /* Project object */;
			proxyType = 1;
			remoteGlobalIDString = 607FACCF1AFB9204008FA782;
			remoteInfo = ConnectFourApp_Example;
		};
		607FACE61AFB9204008FA782 /* PBXContainerItemProxy */ = {
			isa = PBXContainerItemProxy;
			containerPortal = 607FACC81AFB9204008FA782 /* Project object */;
			proxyType = 1;
			remoteGlobalIDString = 607FACCF1AFB9204008FA782;
			remoteInfo = ConnectFourApp;
		};
/* End PBXContainerItemProxy section */

/* Begin PBXFileReference section */
		032C8F4E2758D401004B5B34 /* Observable.swift */ = {isa = PBXFileReference; lastKnownFileType = sourcecode.swift; path = Observable.swift; sourceTree = "<group>"; };
		032C8F50275973FD004B5B34 /* PlayerDAO.swift */ = {isa = PBXFileReference; lastKnownFileType = sourcecode.swift; path = PlayerDAO.swift; sourceTree = "<group>"; };
		032C8F54275C2821004B5B34 /* HomeMockInteractor.swift */ = {isa = PBXFileReference; lastKnownFileType = sourcecode.swift; path = HomeMockInteractor.swift; sourceTree = "<group>"; };
		03D93152275C386A004E4FBE /* ConnectFourApp_ExampleTests.xctest */ = {isa = PBXFileReference; explicitFileType = wrapper.cfbundle; includeInIndex = 0; path = ConnectFourApp_ExampleTests.xctest; sourceTree = BUILT_PRODUCTS_DIR; };
		03D9315B275C387D004E4FBE /* HomeInteractorTests.swift */ = {isa = PBXFileReference; fileEncoding = 4; lastKnownFileType = sourcecode.swift; path = HomeInteractorTests.swift; sourceTree = "<group>"; };
		03D9315E275D29F1004E4FBE /* HomePresenterTests.swift */ = {isa = PBXFileReference; lastKnownFileType = sourcecode.swift; path = HomePresenterTests.swift; sourceTree = "<group>"; };
		03D93161275D2F2F004E4FBE /* DefaultInfoOK.json */ = {isa = PBXFileReference; lastKnownFileType = text.json; path = DefaultInfoOK.json; sourceTree = "<group>"; };
		03D93164275D2FC6004E4FBE /* XCTestCase.swift */ = {isa = PBXFileReference; lastKnownFileType = sourcecode.swift; path = XCTestCase.swift; sourceTree = "<group>"; };
		03D93168275D41B5004E4FBE /* DashboardInteractorTests.swift */ = {isa = PBXFileReference; lastKnownFileType = sourcecode.swift; path = DashboardInteractorTests.swift; sourceTree = "<group>"; };
		03D9316A275D41C7004E4FBE /* DashboardPresenterTests.swift */ = {isa = PBXFileReference; lastKnownFileType = sourcecode.swift; path = DashboardPresenterTests.swift; sourceTree = "<group>"; };
		03D9316C275D523B004E4FBE /* DashboardMockInteractor.swift */ = {isa = PBXFileReference; lastKnownFileType = sourcecode.swift; path = DashboardMockInteractor.swift; sourceTree = "<group>"; };
		03DBFC8B275560AD00B66815 /* HomeView.swift */ = {isa = PBXFileReference; lastKnownFileType = sourcecode.swift; path = HomeView.swift; sourceTree = "<group>"; };
		03DBFC8D275560C200B66815 /* HomeRouter.swift */ = {isa = PBXFileReference; lastKnownFileType = sourcecode.swift; path = HomeRouter.swift; sourceTree = "<group>"; };
		03DBFC8F275560D100B66815 /* HomePresenter.swift */ = {isa = PBXFileReference; lastKnownFileType = sourcecode.swift; path = HomePresenter.swift; sourceTree = "<group>"; };
		03DBFC91275560DD00B66815 /* HomeInteractor.swift */ = {isa = PBXFileReference; lastKnownFileType = sourcecode.swift; path = HomeInteractor.swift; sourceTree = "<group>"; };
		03DBFC932755622500B66815 /* HomeModule.swift */ = {isa = PBXFileReference; lastKnownFileType = sourcecode.swift; path = HomeModule.swift; sourceTree = "<group>"; };
		03DBFC9627556A8E00B66815 /* UIView+extension.swift */ = {isa = PBXFileReference; lastKnownFileType = sourcecode.swift; path = "UIView+extension.swift"; sourceTree = "<group>"; };
		03DBFC9D27558B6A00B66815 /* DashboardView.swift */ = {isa = PBXFileReference; lastKnownFileType = sourcecode.swift; path = DashboardView.swift; sourceTree = "<group>"; };
		03DBFC9F27558B7500B66815 /* DashboardInteractor.swift */ = {isa = PBXFileReference; lastKnownFileType = sourcecode.swift; path = DashboardInteractor.swift; sourceTree = "<group>"; };
		03DBFCA127558B8100B66815 /* DashboardPresenter.swift */ = {isa = PBXFileReference; lastKnownFileType = sourcecode.swift; path = DashboardPresenter.swift; sourceTree = "<group>"; };
		03DBFCA327558B8C00B66815 /* DashboardRouter.swift */ = {isa = PBXFileReference; lastKnownFileType = sourcecode.swift; path = DashboardRouter.swift; sourceTree = "<group>"; };
		03DBFCA527558BF700B66815 /* DashboardModule.swift */ = {isa = PBXFileReference; lastKnownFileType = sourcecode.swift; path = DashboardModule.swift; sourceTree = "<group>"; };
		03DBFCA92756D1BD00B66815 /* ChipView.swift */ = {isa = PBXFileReference; lastKnownFileType = sourcecode.swift; path = ChipView.swift; sourceTree = "<group>"; };
		03DBFCAB2756D1DA00B66815 /* ChipButton.swift */ = {isa = PBXFileReference; lastKnownFileType = sourcecode.swift; path = ChipButton.swift; sourceTree = "<group>"; };
		03DBFCAE2756D3C300B66815 /* NetworkManager.swift */ = {isa = PBXFileReference; lastKnownFileType = sourcecode.swift; path = NetworkManager.swift; sourceTree = "<group>"; };
		03DBFCB02756DDED00B66815 /* DefaultInfo.swift */ = {isa = PBXFileReference; lastKnownFileType = sourcecode.swift; path = DefaultInfo.swift; sourceTree = "<group>"; };
		44971DD6C02BD2A9BE9209EE /* Pods-ConnectFourApp_Example.release.xcconfig */ = {isa = PBXFileReference; includeInIndex = 1; lastKnownFileType = text.xcconfig; name = "Pods-ConnectFourApp_Example.release.xcconfig"; path = "Target Support Files/Pods-ConnectFourApp_Example/Pods-ConnectFourApp_Example.release.xcconfig"; sourceTree = "<group>"; };
		46241291A3FCFAB2E3856AC4 /* Pods-ConnectFourApp_Tests.debug.xcconfig */ = {isa = PBXFileReference; includeInIndex = 1; lastKnownFileType = text.xcconfig; name = "Pods-ConnectFourApp_Tests.debug.xcconfig"; path = "Target Support Files/Pods-ConnectFourApp_Tests/Pods-ConnectFourApp_Tests.debug.xcconfig"; sourceTree = "<group>"; };
		607FACD01AFB9204008FA782 /* ConnectFourApp_Example.app */ = {isa = PBXFileReference; explicitFileType = wrapper.application; includeInIndex = 0; path = ConnectFourApp_Example.app; sourceTree = BUILT_PRODUCTS_DIR; };
		607FACD41AFB9204008FA782 /* Info.plist */ = {isa = PBXFileReference; lastKnownFileType = text.plist.xml; path = Info.plist; sourceTree = "<group>"; };
		607FACD51AFB9204008FA782 /* AppDelegate.swift */ = {isa = PBXFileReference; lastKnownFileType = sourcecode.swift; path = AppDelegate.swift; sourceTree = "<group>"; };
		607FACDC1AFB9204008FA782 /* Images.xcassets */ = {isa = PBXFileReference; lastKnownFileType = folder.assetcatalog; path = Images.xcassets; sourceTree = "<group>"; };
		607FACDF1AFB9204008FA782 /* Base */ = {isa = PBXFileReference; lastKnownFileType = file.xib; name = Base; path = Base.lproj/LaunchScreen.xib; sourceTree = "<group>"; };
		607FACE51AFB9204008FA782 /* ConnectFourApp_Tests.xctest */ = {isa = PBXFileReference; explicitFileType = wrapper.cfbundle; includeInIndex = 0; path = ConnectFourApp_Tests.xctest; sourceTree = BUILT_PRODUCTS_DIR; };
		607FACEA1AFB9204008FA782 /* Info.plist */ = {isa = PBXFileReference; lastKnownFileType = text.plist.xml; path = Info.plist; sourceTree = "<group>"; };
		607FACEB1AFB9204008FA782 /* BoardTests.swift */ = {isa = PBXFileReference; lastKnownFileType = sourcecode.swift; path = BoardTests.swift; sourceTree = "<group>"; };
		A2A7D51B5281BDB46FF9BC3C /* ConnectFourApp.podspec */ = {isa = PBXFileReference; includeInIndex = 1; lastKnownFileType = text; name = ConnectFourApp.podspec; path = ../ConnectFourApp.podspec; sourceTree = "<group>"; };
		AC5CDBEED4A92ACAEE1618AA /* Pods_ConnectFourApp_Tests.framework */ = {isa = PBXFileReference; explicitFileType = wrapper.framework; includeInIndex = 0; path = Pods_ConnectFourApp_Tests.framework; sourceTree = BUILT_PRODUCTS_DIR; };
		BE87249D5F66A5136958F4E2 /* README.md */ = {isa = PBXFileReference; includeInIndex = 1; lastKnownFileType = net.daringfireball.markdown; name = README.md; path = ../README.md; sourceTree = "<group>"; };
		BEB30DC075DA503309356E7B /* Pods-ConnectFourApp_Example.debug.xcconfig */ = {isa = PBXFileReference; includeInIndex = 1; lastKnownFileType = text.xcconfig; name = "Pods-ConnectFourApp_Example.debug.xcconfig"; path = "Target Support Files/Pods-ConnectFourApp_Example/Pods-ConnectFourApp_Example.debug.xcconfig"; sourceTree = "<group>"; };
		D5751A9FD6B7BA5661F3CA88 /* Pods_ConnectFourApp_Example.framework */ = {isa = PBXFileReference; explicitFileType = wrapper.framework; includeInIndex = 0; path = Pods_ConnectFourApp_Example.framework; sourceTree = BUILT_PRODUCTS_DIR; };
		DCD183BCFFCF6858C7820D4B /* LICENSE */ = {isa = PBXFileReference; includeInIndex = 1; lastKnownFileType = text; name = LICENSE; path = ../LICENSE; sourceTree = "<group>"; };
		ED418781B12BAD76410E1DE2 /* Pods-ConnectFourApp_Tests.release.xcconfig */ = {isa = PBXFileReference; includeInIndex = 1; lastKnownFileType = text.xcconfig; name = "Pods-ConnectFourApp_Tests.release.xcconfig"; path = "Target Support Files/Pods-ConnectFourApp_Tests/Pods-ConnectFourApp_Tests.release.xcconfig"; sourceTree = "<group>"; };
/* End PBXFileReference section */

/* Begin PBXFrameworksBuildPhase section */
		03D9314F275C386A004E4FBE /* Frameworks */ = {
			isa = PBXFrameworksBuildPhase;
			buildActionMask = 2147483647;
			files = (
			);
			runOnlyForDeploymentPostprocessing = 0;
		};
		607FACCD1AFB9204008FA782 /* Frameworks */ = {
			isa = PBXFrameworksBuildPhase;
			buildActionMask = 2147483647;
			files = (
				4A042F39115FE821E771F2BD /* Pods_ConnectFourApp_Example.framework in Frameworks */,
			);
			runOnlyForDeploymentPostprocessing = 0;
		};
		607FACE21AFB9204008FA782 /* Frameworks */ = {
			isa = PBXFrameworksBuildPhase;
			buildActionMask = 2147483647;
			files = (
				C27BD5E5B052DB5D20340E68 /* Pods_ConnectFourApp_Tests.framework in Frameworks */,
			);
			runOnlyForDeploymentPostprocessing = 0;
		};
/* End PBXFrameworksBuildPhase section */

/* Begin PBXGroup section */
		03D93153275C386A004E4FBE /* ConnectFourApp_ExampleTests */ = {
			isa = PBXGroup;
			children = (
				03D93167275D413B004E4FBE /* DashboardModuleTests */,
				03D93163275D2FB5004E4FBE /* Extensions */,
				03D93160275D2F18004E4FBE /* Stubs */,
				03D93166275D3242004E4FBE /* UtilitiesTests */,
				03D9315D275D29D4004E4FBE /* HomeModuleTests */,
			);
			path = ConnectFourApp_ExampleTests;
			sourceTree = "<group>";
		};
		03D9315D275D29D4004E4FBE /* HomeModuleTests */ = {
			isa = PBXGroup;
			children = (
				03D9315B275C387D004E4FBE /* HomeInteractorTests.swift */,
				03D9315E275D29F1004E4FBE /* HomePresenterTests.swift */,
			);
			path = HomeModuleTests;
			sourceTree = "<group>";
		};
		03D93160275D2F18004E4FBE /* Stubs */ = {
			isa = PBXGroup;
			children = (
				03D93161275D2F2F004E4FBE /* DefaultInfoOK.json */,
			);
			path = Stubs;
			sourceTree = "<group>";
		};
		03D93163275D2FB5004E4FBE /* Extensions */ = {
			isa = PBXGroup;
			children = (
				03D93164275D2FC6004E4FBE /* XCTestCase.swift */,
			);
			path = Extensions;
			sourceTree = "<group>";
		};
		03D93166275D3242004E4FBE /* UtilitiesTests */ = {
			isa = PBXGroup;
			children = (
			);
			path = UtilitiesTests;
			sourceTree = "<group>";
		};
		03D93167275D413B004E4FBE /* DashboardModuleTests */ = {
			isa = PBXGroup;
			children = (
				03D93168275D41B5004E4FBE /* DashboardInteractorTests.swift */,
				03D9316A275D41C7004E4FBE /* DashboardPresenterTests.swift */,
			);
			path = DashboardModuleTests;
			sourceTree = "<group>";
		};
		03DBFC8427555F1B00B66815 /* Dashboard */ = {
			isa = PBXGroup;
			children = (
				03DBFC9827558ABA00B66815 /* View */,
				03DBFC9927558AC500B66815 /* Interactor */,
				03DBFC9B27558ADA00B66815 /* Presenter */,
				03DBFC9A27558AD100B66815 /* Entities */,
				03DBFC9C27558AEE00B66815 /* Router */,
				03DBFCA527558BF700B66815 /* DashboardModule.swift */,
			);
			name = Dashboard;
			sourceTree = "<group>";
		};
		03DBFC8527555FE300B66815 /* Home */ = {
			isa = PBXGroup;
			children = (
				03DBFC872755604C00B66815 /* View */,
				03DBFC862755603B00B66815 /* Interactor */,
				03DBFC892755606400B66815 /* Presenter */,
				03DBFC8A2755607800B66815 /* Entities */,
				03DBFC882755605400B66815 /* Router */,
				03DBFC932755622500B66815 /* HomeModule.swift */,
			);
			name = Home;
			sourceTree = "<group>";
		};
		03DBFC862755603B00B66815 /* Interactor */ = {
			isa = PBXGroup;
			children = (
				03DBFC91275560DD00B66815 /* HomeInteractor.swift */,
				032C8F54275C2821004B5B34 /* HomeMockInteractor.swift */,
			);
			name = Interactor;
			sourceTree = "<group>";
		};
		03DBFC872755604C00B66815 /* View */ = {
			isa = PBXGroup;
			children = (
				03DBFC8B275560AD00B66815 /* HomeView.swift */,
			);
			name = View;
			sourceTree = "<group>";
		};
		03DBFC882755605400B66815 /* Router */ = {
			isa = PBXGroup;
			children = (
				03DBFC8D275560C200B66815 /* HomeRouter.swift */,
			);
			name = Router;
			sourceTree = "<group>";
		};
		03DBFC892755606400B66815 /* Presenter */ = {
			isa = PBXGroup;
			children = (
				03DBFC8F275560D100B66815 /* HomePresenter.swift */,
			);
			name = Presenter;
			sourceTree = "<group>";
		};
		03DBFC8A2755607800B66815 /* Entities */ = {
			isa = PBXGroup;
			children = (
				03DBFCB02756DDED00B66815 /* DefaultInfo.swift */,
			);
			name = Entities;
			sourceTree = "<group>";
		};
		03DBFC9527556A6D00B66815 /* Extensions */ = {
			isa = PBXGroup;
			children = (
				03DBFC9627556A8E00B66815 /* UIView+extension.swift */,
			);
			name = Extensions;
			sourceTree = "<group>";
		};
		03DBFC9827558ABA00B66815 /* View */ = {
			isa = PBXGroup;
			children = (
				03DBFC9D27558B6A00B66815 /* DashboardView.swift */,
				03DBFCA92756D1BD00B66815 /* ChipView.swift */,
				03DBFCAB2756D1DA00B66815 /* ChipButton.swift */,
			);
			name = View;
			sourceTree = "<group>";
		};
		03DBFC9927558AC500B66815 /* Interactor */ = {
			isa = PBXGroup;
			children = (
				03DBFC9F27558B7500B66815 /* DashboardInteractor.swift */,
				03D9316C275D523B004E4FBE /* DashboardMockInteractor.swift */,
			);
			name = Interactor;
			sourceTree = "<group>";
		};
		03DBFC9A27558AD100B66815 /* Entities */ = {
			isa = PBXGroup;
			children = (
				032C8F50275973FD004B5B34 /* PlayerDAO.swift */,
			);
			name = Entities;
			sourceTree = "<group>";
		};
		03DBFC9B27558ADA00B66815 /* Presenter */ = {
			isa = PBXGroup;
			children = (
				03DBFCA127558B8100B66815 /* DashboardPresenter.swift */,
			);
			name = Presenter;
			sourceTree = "<group>";
		};
		03DBFC9C27558AEE00B66815 /* Router */ = {
			isa = PBXGroup;
			children = (
				03DBFCA327558B8C00B66815 /* DashboardRouter.swift */,
			);
			name = Router;
			sourceTree = "<group>";
		};
		03DBFCAD2756D3B700B66815 /* Utilities */ = {
			isa = PBXGroup;
			children = (
				03DBFCAE2756D3C300B66815 /* NetworkManager.swift */,
				032C8F4E2758D401004B5B34 /* Observable.swift */,
			);
			name = Utilities;
			sourceTree = "<group>";
		};
		607FACC71AFB9204008FA782 = {
			isa = PBXGroup;
			children = (
				607FACF51AFB993E008FA782 /* Podspec Metadata */,
				607FACD21AFB9204008FA782 /* Example for ConnectFourApp */,
				607FACE81AFB9204008FA782 /* Tests */,
				03D93153275C386A004E4FBE /* ConnectFourApp_ExampleTests */,
				607FACD11AFB9204008FA782 /* Products */,
				C008065445F3947278F1E3D4 /* Pods */,
				73939B096D934FF26BC3B63E /* Frameworks */,
			);
			sourceTree = "<group>";
		};
		607FACD11AFB9204008FA782 /* Products */ = {
			isa = PBXGroup;
			children = (
				607FACD01AFB9204008FA782 /* ConnectFourApp_Example.app */,
				607FACE51AFB9204008FA782 /* ConnectFourApp_Tests.xctest */,
				03D93152275C386A004E4FBE /* ConnectFourApp_ExampleTests.xctest */,
			);
			name = Products;
			sourceTree = "<group>";
		};
		607FACD21AFB9204008FA782 /* Example for ConnectFourApp */ = {
			isa = PBXGroup;
			children = (
				03DBFCAD2756D3B700B66815 /* Utilities */,
				03DBFC9527556A6D00B66815 /* Extensions */,
				03DBFC8527555FE300B66815 /* Home */,
				03DBFC8427555F1B00B66815 /* Dashboard */,
				607FACD51AFB9204008FA782 /* AppDelegate.swift */,
				607FACDC1AFB9204008FA782 /* Images.xcassets */,
				607FACDE1AFB9204008FA782 /* LaunchScreen.xib */,
				607FACD31AFB9204008FA782 /* Supporting Files */,
			);
			name = "Example for ConnectFourApp";
			path = ConnectFourApp;
			sourceTree = "<group>";
		};
		607FACD31AFB9204008FA782 /* Supporting Files */ = {
			isa = PBXGroup;
			children = (
				607FACD41AFB9204008FA782 /* Info.plist */,
			);
			name = "Supporting Files";
			sourceTree = "<group>";
		};
		607FACE81AFB9204008FA782 /* Tests */ = {
			isa = PBXGroup;
			children = (
				607FACEB1AFB9204008FA782 /* BoardTests.swift */,
				607FACE91AFB9204008FA782 /* Supporting Files */,
			);
			path = Tests;
			sourceTree = "<group>";
		};
		607FACE91AFB9204008FA782 /* Supporting Files */ = {
			isa = PBXGroup;
			children = (
				607FACEA1AFB9204008FA782 /* Info.plist */,
			);
			name = "Supporting Files";
			sourceTree = "<group>";
		};
		607FACF51AFB993E008FA782 /* Podspec Metadata */ = {
			isa = PBXGroup;
			children = (
				A2A7D51B5281BDB46FF9BC3C /* ConnectFourApp.podspec */,
				BE87249D5F66A5136958F4E2 /* README.md */,
				DCD183BCFFCF6858C7820D4B /* LICENSE */,
			);
			name = "Podspec Metadata";
			sourceTree = "<group>";
		};
		73939B096D934FF26BC3B63E /* Frameworks */ = {
			isa = PBXGroup;
			children = (
				D5751A9FD6B7BA5661F3CA88 /* Pods_ConnectFourApp_Example.framework */,
				AC5CDBEED4A92ACAEE1618AA /* Pods_ConnectFourApp_Tests.framework */,
			);
			name = Frameworks;
			sourceTree = "<group>";
		};
		C008065445F3947278F1E3D4 /* Pods */ = {
			isa = PBXGroup;
			children = (
				BEB30DC075DA503309356E7B /* Pods-ConnectFourApp_Example.debug.xcconfig */,
				44971DD6C02BD2A9BE9209EE /* Pods-ConnectFourApp_Example.release.xcconfig */,
				46241291A3FCFAB2E3856AC4 /* Pods-ConnectFourApp_Tests.debug.xcconfig */,
				ED418781B12BAD76410E1DE2 /* Pods-ConnectFourApp_Tests.release.xcconfig */,
			);
			path = Pods;
			sourceTree = "<group>";
		};
/* End PBXGroup section */

/* Begin PBXNativeTarget section */
		03D93151275C386A004E4FBE /* ConnectFourApp_ExampleTests */ = {
			isa = PBXNativeTarget;
			buildConfigurationList = 03D93158275C386A004E4FBE /* Build configuration list for PBXNativeTarget "ConnectFourApp_ExampleTests" */;
			buildPhases = (
				03D9314E275C386A004E4FBE /* Sources */,
				03D9314F275C386A004E4FBE /* Frameworks */,
				03D93150275C386A004E4FBE /* Resources */,
			);
			buildRules = (
			);
			dependencies = (
				03D93157275C386A004E4FBE /* PBXTargetDependency */,
			);
			name = ConnectFourApp_ExampleTests;
			productName = ConnectFourApp_ExampleTests;
			productReference = 03D93152275C386A004E4FBE /* ConnectFourApp_ExampleTests.xctest */;
			productType = "com.apple.product-type.bundle.unit-test";
		};
		607FACCF1AFB9204008FA782 /* ConnectFourApp_Example */ = {
			isa = PBXNativeTarget;
			buildConfigurationList = 607FACEF1AFB9204008FA782 /* Build configuration list for PBXNativeTarget "ConnectFourApp_Example" */;
			buildPhases = (
				205C3371D83291D0B147F485 /* [CP] Check Pods Manifest.lock */,
				607FACCC1AFB9204008FA782 /* Sources */,
				607FACCD1AFB9204008FA782 /* Frameworks */,
				607FACCE1AFB9204008FA782 /* Resources */,
				05D0A79035268F8C3B702F97 /* [CP] Embed Pods Frameworks */,
			);
			buildRules = (
			);
			dependencies = (
			);
			name = ConnectFourApp_Example;
			productName = ConnectFourApp;
			productReference = 607FACD01AFB9204008FA782 /* ConnectFourApp_Example.app */;
			productType = "com.apple.product-type.application";
		};
		607FACE41AFB9204008FA782 /* ConnectFourApp_Tests */ = {
			isa = PBXNativeTarget;
			buildConfigurationList = 607FACF21AFB9204008FA782 /* Build configuration list for PBXNativeTarget "ConnectFourApp_Tests" */;
			buildPhases = (
				7D53DAF99AF70DB284C508C9 /* [CP] Check Pods Manifest.lock */,
				607FACE11AFB9204008FA782 /* Sources */,
				607FACE21AFB9204008FA782 /* Frameworks */,
				607FACE31AFB9204008FA782 /* Resources */,
			);
			buildRules = (
			);
			dependencies = (
				607FACE71AFB9204008FA782 /* PBXTargetDependency */,
			);
			name = ConnectFourApp_Tests;
			productName = Tests;
			productReference = 607FACE51AFB9204008FA782 /* ConnectFourApp_Tests.xctest */;
			productType = "com.apple.product-type.bundle.unit-test";
		};
/* End PBXNativeTarget section */

/* Begin PBXProject section */
		607FACC81AFB9204008FA782 /* Project object */ = {
			isa = PBXProject;
			attributes = {
				LastSwiftUpdateCheck = 1310;
				LastUpgradeCheck = 0830;
				ORGANIZATIONNAME = CocoaPods;
				TargetAttributes = {
					03D93151275C386A004E4FBE = {
						CreatedOnToolsVersion = 13.1;
						DevelopmentTeam = LX922T2Y56;
						ProvisioningStyle = Automatic;
						TestTargetID = 607FACCF1AFB9204008FA782;
					};
					607FACCF1AFB9204008FA782 = {
						CreatedOnToolsVersion = 6.3.1;
						LastSwiftMigration = 0900;
					};
					607FACE41AFB9204008FA782 = {
						CreatedOnToolsVersion = 6.3.1;
						LastSwiftMigration = 0900;
						TestTargetID = 607FACCF1AFB9204008FA782;
					};
				};
			};
			buildConfigurationList = 607FACCB1AFB9204008FA782 /* Build configuration list for PBXProject "ConnectFourApp" */;
			compatibilityVersion = "Xcode 3.2";
			developmentRegion = English;
			hasScannedForEncodings = 0;
			knownRegions = (
				English,
				en,
				Base,
			);
			mainGroup = 607FACC71AFB9204008FA782;
			productRefGroup = 607FACD11AFB9204008FA782 /* Products */;
			projectDirPath = "";
			projectRoot = "";
			targets = (
				607FACCF1AFB9204008FA782 /* ConnectFourApp_Example */,
				607FACE41AFB9204008FA782 /* ConnectFourApp_Tests */,
				03D93151275C386A004E4FBE /* ConnectFourApp_ExampleTests */,
			);
		};
/* End PBXProject section */

/* Begin PBXResourcesBuildPhase section */
		03D93150275C386A004E4FBE /* Resources */ = {
			isa = PBXResourcesBuildPhase;
			buildActionMask = 2147483647;
			files = (
				03D93162275D2F2F004E4FBE /* DefaultInfoOK.json in Resources */,
			);
			runOnlyForDeploymentPostprocessing = 0;
		};
		607FACCE1AFB9204008FA782 /* Resources */ = {
			isa = PBXResourcesBuildPhase;
			buildActionMask = 2147483647;
			files = (
				607FACE01AFB9204008FA782 /* LaunchScreen.xib in Resources */,
				607FACDD1AFB9204008FA782 /* Images.xcassets in Resources */,
			);
			runOnlyForDeploymentPostprocessing = 0;
		};
		607FACE31AFB9204008FA782 /* Resources */ = {
			isa = PBXResourcesBuildPhase;
			buildActionMask = 2147483647;
			files = (
			);
			runOnlyForDeploymentPostprocessing = 0;
		};
/* End PBXResourcesBuildPhase section */

/* Begin PBXShellScriptBuildPhase section */
		05D0A79035268F8C3B702F97 /* [CP] Embed Pods Frameworks */ = {
			isa = PBXShellScriptBuildPhase;
			buildActionMask = 2147483647;
			files = (
			);
			inputPaths = (
				"${PODS_ROOT}/Target Support Files/Pods-ConnectFourApp_Example/Pods-ConnectFourApp_Example-frameworks.sh",
				"${BUILT_PRODUCTS_DIR}/ConnectFourApp/ConnectFourApp.framework",
			);
			name = "[CP] Embed Pods Frameworks";
			outputPaths = (
				"${TARGET_BUILD_DIR}/${FRAMEWORKS_FOLDER_PATH}/ConnectFourApp.framework",
			);
			runOnlyForDeploymentPostprocessing = 0;
			shellPath = /bin/sh;
			shellScript = "\"${PODS_ROOT}/Target Support Files/Pods-ConnectFourApp_Example/Pods-ConnectFourApp_Example-frameworks.sh\"\n";
			showEnvVarsInLog = 0;
		};
		205C3371D83291D0B147F485 /* [CP] Check Pods Manifest.lock */ = {
			isa = PBXShellScriptBuildPhase;
			buildActionMask = 2147483647;
			files = (
			);
			inputFileListPaths = (
			);
			inputPaths = (
				"${PODS_PODFILE_DIR_PATH}/Podfile.lock",
				"${PODS_ROOT}/Manifest.lock",
			);
			name = "[CP] Check Pods Manifest.lock";
			outputFileListPaths = (
			);
			outputPaths = (
				"$(DERIVED_FILE_DIR)/Pods-ConnectFourApp_Example-checkManifestLockResult.txt",
			);
			runOnlyForDeploymentPostprocessing = 0;
			shellPath = /bin/sh;
			shellScript = "diff \"${PODS_PODFILE_DIR_PATH}/Podfile.lock\" \"${PODS_ROOT}/Manifest.lock\" > /dev/null\nif [ $? != 0 ] ; then\n    # print error to STDERR\n    echo \"error: The sandbox is not in sync with the Podfile.lock. Run 'pod install' or update your CocoaPods installation.\" >&2\n    exit 1\nfi\n# This output is used by Xcode 'outputs' to avoid re-running this script phase.\necho \"SUCCESS\" > \"${SCRIPT_OUTPUT_FILE_0}\"\n";
			showEnvVarsInLog = 0;
		};
		7D53DAF99AF70DB284C508C9 /* [CP] Check Pods Manifest.lock */ = {
			isa = PBXShellScriptBuildPhase;
			buildActionMask = 2147483647;
			files = (
			);
			inputFileListPaths = (
			);
			inputPaths = (
				"${PODS_PODFILE_DIR_PATH}/Podfile.lock",
				"${PODS_ROOT}/Manifest.lock",
			);
			name = "[CP] Check Pods Manifest.lock";
			outputFileListPaths = (
			);
			outputPaths = (
				"$(DERIVED_FILE_DIR)/Pods-ConnectFourApp_Tests-checkManifestLockResult.txt",
			);
			runOnlyForDeploymentPostprocessing = 0;
			shellPath = /bin/sh;
			shellScript = "diff \"${PODS_PODFILE_DIR_PATH}/Podfile.lock\" \"${PODS_ROOT}/Manifest.lock\" > /dev/null\nif [ $? != 0 ] ; then\n    # print error to STDERR\n    echo \"error: The sandbox is not in sync with the Podfile.lock. Run 'pod install' or update your CocoaPods installation.\" >&2\n    exit 1\nfi\n# This output is used by Xcode 'outputs' to avoid re-running this script phase.\necho \"SUCCESS\" > \"${SCRIPT_OUTPUT_FILE_0}\"\n";
			showEnvVarsInLog = 0;
		};
/* End PBXShellScriptBuildPhase section */

/* Begin PBXSourcesBuildPhase section */
		03D9314E275C386A004E4FBE /* Sources */ = {
			isa = PBXSourcesBuildPhase;
			buildActionMask = 2147483647;
			files = (
				03D9315C275C387D004E4FBE /* HomeInteractorTests.swift in Sources */,
				03D93165275D2FC6004E4FBE /* XCTestCase.swift in Sources */,
				03D9315F275D29F1004E4FBE /* HomePresenterTests.swift in Sources */,
				03D9316B275D41C7004E4FBE /* DashboardPresenterTests.swift in Sources */,
				03D93169275D41B5004E4FBE /* DashboardInteractorTests.swift in Sources */,
			);
			runOnlyForDeploymentPostprocessing = 0;
		};
		607FACCC1AFB9204008FA782 /* Sources */ = {
			isa = PBXSourcesBuildPhase;
			buildActionMask = 2147483647;
			files = (
				03DBFC8C275560AD00B66815 /* HomeView.swift in Sources */,
				03DBFCAC2756D1DA00B66815 /* ChipButton.swift in Sources */,
				03DBFCA427558B8C00B66815 /* DashboardRouter.swift in Sources */,
				032C8F51275973FD004B5B34 /* PlayerDAO.swift in Sources */,
				03DBFCA627558BF700B66815 /* DashboardModule.swift in Sources */,
				03D9316D275D523B004E4FBE /* DashboardMockInteractor.swift in Sources */,
				03DBFCAA2756D1BD00B66815 /* ChipView.swift in Sources */,
				03DBFC8E275560C200B66815 /* HomeRouter.swift in Sources */,
				03DBFC9727556A8E00B66815 /* UIView+extension.swift in Sources */,
				032C8F55275C2821004B5B34 /* HomeMockInteractor.swift in Sources */,
				03DBFC942755622500B66815 /* HomeModule.swift in Sources */,
				03DBFC9E27558B6A00B66815 /* DashboardView.swift in Sources */,
				03DBFCA027558B7500B66815 /* DashboardInteractor.swift in Sources */,
				03DBFCA227558B8100B66815 /* DashboardPresenter.swift in Sources */,
				03DBFC92275560DD00B66815 /* HomeInteractor.swift in Sources */,
				032C8F4F2758D401004B5B34 /* Observable.swift in Sources */,
				03DBFCAF2756D3C300B66815 /* NetworkManager.swift in Sources */,
				03DBFCB12756DDED00B66815 /* DefaultInfo.swift in Sources */,
				03DBFC90275560D100B66815 /* HomePresenter.swift in Sources */,
				607FACD61AFB9204008FA782 /* AppDelegate.swift in Sources */,
			);
			runOnlyForDeploymentPostprocessing = 0;
		};
		607FACE11AFB9204008FA782 /* Sources */ = {
			isa = PBXSourcesBuildPhase;
			buildActionMask = 2147483647;
			files = (
				032C8F65275C3467004B5B34 /* BoardTests.swift in Sources */,
			);
			runOnlyForDeploymentPostprocessing = 0;
		};
/* End PBXSourcesBuildPhase section */

/* Begin PBXTargetDependency section */
		03D93157275C386A004E4FBE /* PBXTargetDependency */ = {
			isa = PBXTargetDependency;
			target = 607FACCF1AFB9204008FA782 /* ConnectFourApp_Example */;
			targetProxy = 03D93156275C386A004E4FBE /* PBXContainerItemProxy */;
		};
		607FACE71AFB9204008FA782 /* PBXTargetDependency */ = {
			isa = PBXTargetDependency;
			target = 607FACCF1AFB9204008FA782 /* ConnectFourApp_Example */;
			targetProxy = 607FACE61AFB9204008FA782 /* PBXContainerItemProxy */;
		};
/* End PBXTargetDependency section */

/* Begin PBXVariantGroup section */
		607FACDE1AFB9204008FA782 /* LaunchScreen.xib */ = {
			isa = PBXVariantGroup;
			children = (
				607FACDF1AFB9204008FA782 /* Base */,
			);
			name = LaunchScreen.xib;
			sourceTree = "<group>";
		};
/* End PBXVariantGroup section */

/* Begin XCBuildConfiguration section */
		03D93159275C386A004E4FBE /* Debug */ = {
			isa = XCBuildConfiguration;
			buildSettings = {
				BUNDLE_LOADER = "$(TEST_HOST)";
				CLANG_ANALYZER_NONNULL = YES;
				CLANG_ANALYZER_NUMBER_OBJECT_CONVERSION = YES_AGGRESSIVE;
				CLANG_CXX_LANGUAGE_STANDARD = "gnu++17";
				CLANG_ENABLE_OBJC_WEAK = YES;
				CLANG_WARN_DEPRECATED_OBJC_IMPLEMENTATIONS = YES;
				CLANG_WARN_DOCUMENTATION_COMMENTS = YES;
				CLANG_WARN_OBJC_IMPLICIT_RETAIN_SELF = YES;
				CLANG_WARN_QUOTED_INCLUDE_IN_FRAMEWORK_HEADER = YES;
				CLANG_WARN_UNGUARDED_AVAILABILITY = YES_AGGRESSIVE;
				CODE_SIGN_STYLE = Automatic;
				CURRENT_PROJECT_VERSION = 1;
				DEBUG_INFORMATION_FORMAT = dwarf;
				DEVELOPMENT_TEAM = LX922T2Y56;
				GCC_C_LANGUAGE_STANDARD = gnu11;
				GENERATE_INFOPLIST_FILE = YES;
				IPHONEOS_DEPLOYMENT_TARGET = 15.0;
				LD_RUNPATH_SEARCH_PATHS = "$(inherited) @executable_path/Frameworks @loader_path/Frameworks";
				MARKETING_VERSION = 1.0;
				MTL_ENABLE_DEBUG_INFO = INCLUDE_SOURCE;
				MTL_FAST_MATH = YES;
				PRODUCT_BUNDLE_IDENTIFIER = "DavidDuarte.ConnectFourApp-ExampleTests";
				PRODUCT_NAME = "$(TARGET_NAME)";
				SWIFT_ACTIVE_COMPILATION_CONDITIONS = DEBUG;
				SWIFT_EMIT_LOC_STRINGS = NO;
				SWIFT_VERSION = 5.0;
				TARGETED_DEVICE_FAMILY = "1,2";
				TEST_HOST = "$(BUILT_PRODUCTS_DIR)/ConnectFourApp_Example.app/ConnectFourApp_Example";
			};
			name = Debug;
		};
		03D9315A275C386A004E4FBE /* Release */ = {
			isa = XCBuildConfiguration;
			buildSettings = {
				BUNDLE_LOADER = "$(TEST_HOST)";
				CLANG_ANALYZER_NONNULL = YES;
				CLANG_ANALYZER_NUMBER_OBJECT_CONVERSION = YES_AGGRESSIVE;
				CLANG_CXX_LANGUAGE_STANDARD = "gnu++17";
				CLANG_ENABLE_OBJC_WEAK = YES;
				CLANG_WARN_DEPRECATED_OBJC_IMPLEMENTATIONS = YES;
				CLANG_WARN_DOCUMENTATION_COMMENTS = YES;
				CLANG_WARN_OBJC_IMPLICIT_RETAIN_SELF = YES;
				CLANG_WARN_QUOTED_INCLUDE_IN_FRAMEWORK_HEADER = YES;
				CLANG_WARN_UNGUARDED_AVAILABILITY = YES_AGGRESSIVE;
				CODE_SIGN_STYLE = Automatic;
				CURRENT_PROJECT_VERSION = 1;
				DEVELOPMENT_TEAM = LX922T2Y56;
				GCC_C_LANGUAGE_STANDARD = gnu11;
				GENERATE_INFOPLIST_FILE = YES;
				IPHONEOS_DEPLOYMENT_TARGET = 15.0;
				LD_RUNPATH_SEARCH_PATHS = "$(inherited) @executable_path/Frameworks @loader_path/Frameworks";
				MARKETING_VERSION = 1.0;
				MTL_FAST_MATH = YES;
				PRODUCT_BUNDLE_IDENTIFIER = "DavidDuarte.ConnectFourApp-ExampleTests";
				PRODUCT_NAME = "$(TARGET_NAME)";
				SWIFT_EMIT_LOC_STRINGS = NO;
				SWIFT_VERSION = 5.0;
				TARGETED_DEVICE_FAMILY = "1,2";
				TEST_HOST = "$(BUILT_PRODUCTS_DIR)/ConnectFourApp_Example.app/ConnectFourApp_Example";
			};
			name = Release;
		};
		607FACED1AFB9204008FA782 /* Debug */ = {
			isa = XCBuildConfiguration;
			buildSettings = {
				ALWAYS_SEARCH_USER_PATHS = NO;
				CLANG_CXX_LANGUAGE_STANDARD = "gnu++0x";
				CLANG_CXX_LIBRARY = "libc++";
				CLANG_ENABLE_MODULES = YES;
				CLANG_ENABLE_OBJC_ARC = YES;
				CLANG_WARN_BLOCK_CAPTURE_AUTORELEASING = YES;
				CLANG_WARN_BOOL_CONVERSION = YES;
				CLANG_WARN_COMMA = YES;
				CLANG_WARN_CONSTANT_CONVERSION = YES;
				CLANG_WARN_DIRECT_OBJC_ISA_USAGE = YES_ERROR;
				CLANG_WARN_EMPTY_BODY = YES;
				CLANG_WARN_ENUM_CONVERSION = YES;
				CLANG_WARN_INFINITE_RECURSION = YES;
				CLANG_WARN_INT_CONVERSION = YES;
				CLANG_WARN_NON_LITERAL_NULL_CONVERSION = YES;
				CLANG_WARN_OBJC_LITERAL_CONVERSION = YES;
				CLANG_WARN_OBJC_ROOT_CLASS = YES_ERROR;
				CLANG_WARN_RANGE_LOOP_ANALYSIS = YES;
				CLANG_WARN_STRICT_PROTOTYPES = YES;
				CLANG_WARN_SUSPICIOUS_MOVE = YES;
				CLANG_WARN_UNREACHABLE_CODE = YES;
				CLANG_WARN__DUPLICATE_METHOD_MATCH = YES;
				"CODE_SIGN_IDENTITY[sdk=iphoneos*]" = "iPhone Developer";
				COPY_PHASE_STRIP = NO;
				DEBUG_INFORMATION_FORMAT = "dwarf-with-dsym";
				ENABLE_STRICT_OBJC_MSGSEND = YES;
				ENABLE_TESTABILITY = YES;
				GCC_C_LANGUAGE_STANDARD = gnu99;
				GCC_DYNAMIC_NO_PIC = NO;
				GCC_NO_COMMON_BLOCKS = YES;
				GCC_OPTIMIZATION_LEVEL = 0;
				GCC_PREPROCESSOR_DEFINITIONS = (
					"DEBUG=1",
					"$(inherited)",
				);
				GCC_SYMBOLS_PRIVATE_EXTERN = NO;
				GCC_WARN_64_TO_32_BIT_CONVERSION = YES;
				GCC_WARN_ABOUT_RETURN_TYPE = YES_ERROR;
				GCC_WARN_UNDECLARED_SELECTOR = YES;
				GCC_WARN_UNINITIALIZED_AUTOS = YES_AGGRESSIVE;
				GCC_WARN_UNUSED_FUNCTION = YES;
				GCC_WARN_UNUSED_VARIABLE = YES;
				IPHONEOS_DEPLOYMENT_TARGET = 11.0;
				MTL_ENABLE_DEBUG_INFO = YES;
				ONLY_ACTIVE_ARCH = YES;
				SDKROOT = iphoneos;
				SWIFT_OPTIMIZATION_LEVEL = "-Onone";
			};
			name = Debug;
		};
		607FACEE1AFB9204008FA782 /* Release */ = {
			isa = XCBuildConfiguration;
			buildSettings = {
				ALWAYS_SEARCH_USER_PATHS = NO;
				CLANG_CXX_LANGUAGE_STANDARD = "gnu++0x";
				CLANG_CXX_LIBRARY = "libc++";
				CLANG_ENABLE_MODULES = YES;
				CLANG_ENABLE_OBJC_ARC = YES;
				CLANG_WARN_BLOCK_CAPTURE_AUTORELEASING = YES;
				CLANG_WARN_BOOL_CONVERSION = YES;
				CLANG_WARN_COMMA = YES;
				CLANG_WARN_CONSTANT_CONVERSION = YES;
				CLANG_WARN_DIRECT_OBJC_ISA_USAGE = YES_ERROR;
				CLANG_WARN_EMPTY_BODY = YES;
				CLANG_WARN_ENUM_CONVERSION = YES;
				CLANG_WARN_INFINITE_RECURSION = YES;
				CLANG_WARN_INT_CONVERSION = YES;
				CLANG_WARN_NON_LITERAL_NULL_CONVERSION = YES;
				CLANG_WARN_OBJC_LITERAL_CONVERSION = YES;
				CLANG_WARN_OBJC_ROOT_CLASS = YES_ERROR;
				CLANG_WARN_RANGE_LOOP_ANALYSIS = YES;
				CLANG_WARN_STRICT_PROTOTYPES = YES;
				CLANG_WARN_SUSPICIOUS_MOVE = YES;
				CLANG_WARN_UNREACHABLE_CODE = YES;
				CLANG_WARN__DUPLICATE_METHOD_MATCH = YES;
				"CODE_SIGN_IDENTITY[sdk=iphoneos*]" = "iPhone Developer";
				COPY_PHASE_STRIP = NO;
				DEBUG_INFORMATION_FORMAT = "dwarf-with-dsym";
				ENABLE_NS_ASSERTIONS = NO;
				ENABLE_STRICT_OBJC_MSGSEND = YES;
				GCC_C_LANGUAGE_STANDARD = gnu99;
				GCC_NO_COMMON_BLOCKS = YES;
				GCC_WARN_64_TO_32_BIT_CONVERSION = YES;
				GCC_WARN_ABOUT_RETURN_TYPE = YES_ERROR;
				GCC_WARN_UNDECLARED_SELECTOR = YES;
				GCC_WARN_UNINITIALIZED_AUTOS = YES_AGGRESSIVE;
				GCC_WARN_UNUSED_FUNCTION = YES;
				GCC_WARN_UNUSED_VARIABLE = YES;
				IPHONEOS_DEPLOYMENT_TARGET = 11.0;
				MTL_ENABLE_DEBUG_INFO = NO;
				SDKROOT = iphoneos;
				SWIFT_OPTIMIZATION_LEVEL = "-Owholemodule";
				VALIDATE_PRODUCT = YES;
			};
			name = Release;
		};
		607FACF01AFB9204008FA782 /* Debug */ = {
			isa = XCBuildConfiguration;
			baseConfigurationReference = BEB30DC075DA503309356E7B /* Pods-ConnectFourApp_Example.debug.xcconfig */;
			buildSettings = {
				ASSETCATALOG_COMPILER_APPICON_NAME = AppIcon;
				INFOPLIST_FILE = ConnectFourApp/Info.plist;
				LD_RUNPATH_SEARCH_PATHS = "$(inherited) @executable_path/Frameworks";
				MODULE_NAME = ExampleApp;
				PRODUCT_BUNDLE_IDENTIFIER = "org.cocoapods.demo.$(PRODUCT_NAME:rfc1034identifier)";
				PRODUCT_NAME = "$(TARGET_NAME)";
				SWIFT_SWIFT3_OBJC_INFERENCE = Default;
				SWIFT_VERSION = 4.0;
				TARGETED_DEVICE_FAMILY = 2;
			};
			name = Debug;
		};
		607FACF11AFB9204008FA782 /* Release */ = {
			isa = XCBuildConfiguration;
			baseConfigurationReference = 44971DD6C02BD2A9BE9209EE /* Pods-ConnectFourApp_Example.release.xcconfig */;
			buildSettings = {
				ASSETCATALOG_COMPILER_APPICON_NAME = AppIcon;
				INFOPLIST_FILE = ConnectFourApp/Info.plist;
				LD_RUNPATH_SEARCH_PATHS = "$(inherited) @executable_path/Frameworks";
				MODULE_NAME = ExampleApp;
				PRODUCT_BUNDLE_IDENTIFIER = "org.cocoapods.demo.$(PRODUCT_NAME:rfc1034identifier)";
				PRODUCT_NAME = "$(TARGET_NAME)";
				SWIFT_SWIFT3_OBJC_INFERENCE = Default;
				SWIFT_VERSION = 4.0;
				TARGETED_DEVICE_FAMILY = 2;
			};
			name = Release;
		};
		607FACF31AFB9204008FA782 /* Debug */ = {
			isa = XCBuildConfiguration;
			baseConfigurationReference = 46241291A3FCFAB2E3856AC4 /* Pods-ConnectFourApp_Tests.debug.xcconfig */;
			buildSettings = {
				FRAMEWORK_SEARCH_PATHS = (
					"$(PLATFORM_DIR)/Developer/Library/Frameworks",
					"$(inherited)",
				);
				GCC_PREPROCESSOR_DEFINITIONS = (
					"DEBUG=1",
					"$(inherited)",
				);
				INFOPLIST_FILE = Tests/Info.plist;
				LD_RUNPATH_SEARCH_PATHS = "$(inherited) @executable_path/Frameworks @loader_path/Frameworks";
				PRODUCT_BUNDLE_IDENTIFIER = "org.cocoapods.$(PRODUCT_NAME:rfc1034identifier)";
				PRODUCT_NAME = "$(TARGET_NAME)";
				SWIFT_SWIFT3_OBJC_INFERENCE = Default;
				SWIFT_VERSION = 4.0;
				TEST_HOST = "$(BUILT_PRODUCTS_DIR)/ConnectFourApp_Example.app/ConnectFourApp_Example";
			};
			name = Debug;
		};
		607FACF41AFB9204008FA782 /* Release */ = {
			isa = XCBuildConfiguration;
			baseConfigurationReference = ED418781B12BAD76410E1DE2 /* Pods-ConnectFourApp_Tests.release.xcconfig */;
			buildSettings = {
				FRAMEWORK_SEARCH_PATHS = (
					"$(PLATFORM_DIR)/Developer/Library/Frameworks",
					"$(inherited)",
				);
				INFOPLIST_FILE = Tests/Info.plist;
				LD_RUNPATH_SEARCH_PATHS = "$(inherited) @executable_path/Frameworks @loader_path/Frameworks";
				PRODUCT_BUNDLE_IDENTIFIER = "org.cocoapods.$(PRODUCT_NAME:rfc1034identifier)";
				PRODUCT_NAME = "$(TARGET_NAME)";
				SWIFT_SWIFT3_OBJC_INFERENCE = Default;
				SWIFT_VERSION = 4.0;
				TEST_HOST = "$(BUILT_PRODUCTS_DIR)/ConnectFourApp_Example.app/ConnectFourApp_Example";
			};
			name = Release;
		};
/* End XCBuildConfiguration section */

/* Begin XCConfigurationList section */
		03D93158275C386A004E4FBE /* Build configuration list for PBXNativeTarget "ConnectFourApp_ExampleTests" */ = {
			isa = XCConfigurationList;
			buildConfigurations = (
				03D93159275C386A004E4FBE /* Debug */,
				03D9315A275C386A004E4FBE /* Release */,
			);
			defaultConfigurationIsVisible = 0;
			defaultConfigurationName = Release;
		};
		607FACCB1AFB9204008FA782 /* Build configuration list for PBXProject "ConnectFourApp" */ = {
			isa = XCConfigurationList;
			buildConfigurations = (
				607FACED1AFB9204008FA782 /* Debug */,
				607FACEE1AFB9204008FA782 /* Release */,
			);
			defaultConfigurationIsVisible = 0;
			defaultConfigurationName = Release;
		};
		607FACEF1AFB9204008FA782 /* Build configuration list for PBXNativeTarget "ConnectFourApp_Example" */ = {
			isa = XCConfigurationList;
			buildConfigurations = (
				607FACF01AFB9204008FA782 /* Debug */,
				607FACF11AFB9204008FA782 /* Release */,
			);
			defaultConfigurationIsVisible = 0;
			defaultConfigurationName = Release;
		};
		607FACF21AFB9204008FA782 /* Build configuration list for PBXNativeTarget "ConnectFourApp_Tests" */ = {
			isa = XCConfigurationList;
			buildConfigurations = (
				607FACF31AFB9204008FA782 /* Debug */,
				607FACF41AFB9204008FA782 /* Release */,
			);
			defaultConfigurationIsVisible = 0;
			defaultConfigurationName = Release;
		};
/* End XCConfigurationList section */
	};
	rootObject = 607FACC81AFB9204008FA782 /* Project object */;
}
